
Microsoft Visual Studio Solution File, Format Version 11.00
# Visual Studio 2010
Project("{FAE04EC0-301F-11D3-BF4B-00C04F79EFBC}") = "Assembly-CSharp", "Assembly-CSharp.csproj", "{985c1331-e0b7-fa58-5d8e-b6a524a4c167}"
EndProject
Project("{FAE04EC0-301F-11D3-BF4B-00C04F79EFBC}") = "Assembly-CSharp-Editor", "Assembly-CSharp-Editor.csproj", "{9a82eaeb-3540-2056-883c-647115004d77}"
EndProject
Global
	GlobalSection(SolutionConfigurationPlatforms) = preSolution
		Debug|Any CPU = Debug|Any CPU
	EndGlobalSection
	GlobalSection(ProjectConfigurationPlatforms) = postSolution
		{985c1331-e0b7-fa58-5d8e-b6a524a4c167}.Debug|Any CPU.ActiveCfg = Debug|Any CPU
		{985c1331-e0b7-fa58-5d8e-b6a524a4c167}.Debug|Any CPU.Build.0 = Debug|Any CPU
		{9a82eaeb-3540-2056-883c-647115004d77}.Debug|Any CPU.ActiveCfg = Debug|Any CPU
		{9a82eaeb-3540-2056-883c-647115004d77}.Debug|Any CPU.Build.0 = Debug|Any CPU
	EndGlobalSection
	GlobalSection(SolutionProperties) = preSolution
		HideSolutionNode = FALSE
	EndGlobalSection
EndGlobal
